
Microsoft Visual Studio Solution File, Format Version 12.00
# Visual Studio Version 17
VisualStudioVersion = 17.13.35931.197
MinimumVisualStudioVersion = 10.0.40219.1
Project("{FAE04EC0-301F-11D3-BF4B-00C04F79EFBC}") = "EmpleadosWeb", "EmpleadosWeb\EmpleadosWeb.csproj", "{BFE79FA2-6178-48E3-B09A-B22177475973}"
EndProject
Global
	GlobalSection(SolutionConfigurationPlatforms) = preSolution
		Debug|Any CPU = Debug|Any CPU
		Release|Any CPU = Release|Any CPU
	EndGlobalSection
	GlobalSection(ProjectConfigurationPlatforms) = postSolution
		{BFE79FA2-6178-48E3-B09A-B22177475973}.Debug|Any CPU.ActiveCfg = Debug|Any CPU
		{BFE79FA2-6178-48E3-B09A-B22177475973}.Debug|Any CPU.Build.0 = Debug|Any CPU
		{BFE79FA2-6178-48E3-B09A-B22177475973}.Release|Any CPU.ActiveCfg = Release|Any CPU
		{BFE79FA2-6178-48E3-B09A-B22177475973}.Release|Any CPU.Build.0 = Release|Any CPU
	EndGlobalSection
	GlobalSection(SolutionProperties) = preSolution
		HideSolutionNode = FALSE
	EndGlobalSection
	GlobalSection(ExtensibilityGlobals) = postSolution
		SolutionGuid = {EE8C3FBD-82D7-4AEE-84AF-403F98F5DC35}
	EndGlobalSection
EndGlobal
